{
  "name": "qtcesium",
  "version": "0.0.0",
  "lockfileVersion": 3,
  "requires": true,
  "packages": {
    "": {
      "name": "qtcesium",
      "version": "0.0.0",
      "license": "MIT",
      "dependencies": {
        "orbpro": "^1.126.0"
      }
    },
    "node_modules/orbpro": {
      "version": "1.126.0",
      "resolved": "https://registry.npmjs.org/orbpro/-/orbpro-1.126.0.tgz",
      "integrity": "sha512-qmv+LEXOii2EOwJqEQXj8H3d33Fac/clJ4QGLNbZUymtpQDMQ0wExRlSIe71lZccIEiM3B7TG2eFHg620INvdg==",
      "license": "LICENSE.md",
      "engines": {
        "node": ">=18.18.0"
      }
    }
  }
}
